// !$*UTF8*$!
{
	archiveVersion = 1;
	classes = {
	};
	objectVersion = 56;
	objects = {

/* Begin PBXBuildFile section */
		CA492561294BDB54008D3DBC /* xyloApp.swift in Sources */ = {isa = PBXBuildFile; fileRef = CA492560294BDB54008D3DBC /* xyloApp.swift */; };
		CA492563294BDB54008D3DBC /* ContentView.swift in Sources */ = {isa = PBXBuildFile; fileRef = CA492562294BDB54008D3DBC /* ContentView.swift */; };
		CA492565294BDB55008D3DBC /* Assets.xcassets in Resources */ = {isa = PBXBuildFile; fileRef = CA492564294BDB55008D3DBC /* Assets.xcassets */; };
		CA492568294BDB55008D3DBC /* Preview Assets.xcassets in Resources */ = {isa = PBXBuildFile; fileRef = CA492567294BDB55008D3DBC /* Preview Assets.xcassets */; };
		CA49256A294BDB55008D3DBC /* Persistence.swift in Sources */ = {isa = PBXBuildFile; fileRef = CA492569294BDB55008D3DBC /* Persistence.swift */; };
		CA49256D294BDB55008D3DBC /* xylo.xcdatamodeld in Sources */ = {isa = PBXBuildFile; fileRef = CA49256B294BDB55008D3DBC /* xylo.xcdatamodeld */; };
		CA492577294BDB55008D3DBC /* xyloTests.swift in Sources */ = {isa = PBXBuildFile; fileRef = CA492576294BDB55008D3DBC /* xyloTests.swift */; };
		CA492581294BDB55008D3DBC /* xyloUITests.swift in Sources */ = {isa = PBXBuildFile; fileRef = CA492580294BDB55008D3DBC /* xyloUITests.swift */; };
		CA492583294BDB55008D3DBC /* xyloUITestsLaunchTests.swift in Sources */ = {isa = PBXBuildFile; fileRef = CA492582294BDB55008D3DBC /* xyloUITestsLaunchTests.swift */; };
/* End PBXBuildFile section */

/* Begin PBXContainerItemProxy section */
		CA492573294BDB55008D3DBC /* PBXContainerItemProxy */ = {
			isa = PBXContainerItemProxy;
			containerPortal = CA492555294BDB54008D3DBC /* Project object */;
			proxyType = 1;
			remoteGlobalIDString = CA49255C294BDB54008D3DBC;
			remoteInfo = xylo;
		};
		CA49257D294BDB55008D3DBC /* PBXContainerItemProxy */ = {
			isa = PBXContainerItemProxy;
			containerPortal = CA492555294BDB54008D3DBC /* Project object */;
			proxyType = 1;
			remoteGlobalIDString = CA49255C294BDB54008D3DBC;
			remoteInfo = xylo;
		};
/* End PBXContainerItemProxy section */

/* Begin PBXFileReference section */
		CA49255D294BDB54008D3DBC /* xylo.app */ = {isa = PBXFileReference; explicitFileType = wrapper.application; includeInIndex = 0; path = xylo.app; sourceTree = BUILT_PRODUCTS_DIR; };
		CA492560294BDB54008D3DBC /* xyloApp.swift */ = {isa = PBXFileReference; lastKnownFileType = sourcecode.swift; path = xyloApp.swift; sourceTree = "<group>"; };
		CA492562294BDB54008D3DBC /* ContentView.swift */ = {isa = PBXFileReference; lastKnownFileType = sourcecode.swift; path = ContentView.swift; sourceTree = "<group>"; };
		CA492564294BDB55008D3DBC /* Assets.xcassets */ = {isa = PBXFileReference; lastKnownFileType = folder.assetcatalog; path = Assets.xcassets; sourceTree = "<group>"; };
		CA492567294BDB55008D3DBC /* Preview Assets.xcassets */ = {isa = PBXFileReference; lastKnownFileType = folder.assetcatalog; path = "Preview Assets.xcassets"; sourceTree = "<group>"; };
		CA492569294BDB55008D3DBC /* Persistence.swift */ = {isa = PBXFileReference; lastKnownFileType = sourcecode.swift; path = Persistence.swift; sourceTree = "<group>"; };
		CA49256C294BDB55008D3DBC /* xylo.xcdatamodel */ = {isa = PBXFileReference; lastKnownFileType = wrapper.xcdatamodel; path = xylo.xcdatamodel; sourceTree = "<group>"; };
		CA492572294BDB55008D3DBC /* xyloTests.xctest */ = {isa = PBXFileReference; explicitFileType = wrapper.cfbundle; includeInIndex = 0; path = xyloTests.xctest; sourceTree = BUILT_PRODUCTS_DIR; };
		CA492576294BDB55008D3DBC /* xyloTests.swift */ = {isa = PBXFileReference; lastKnownFileType = sourcecode.swift; path = xyloTests.swift; sourceTree = "<group>"; };
		CA49257C294BDB55008D3DBC /* xyloUITests.xctest */ = {isa = PBXFileReference; explicitFileType = wrapper.cfbundle; includeInIndex = 0; path = xyloUITests.xctest; sourceTree = BUILT_PRODUCTS_DIR; };
		CA492580294BDB55008D3DBC /* xyloUITests.swift */ = {isa = PBXFileReference; lastKnownFileType = sourcecode.swift; path = xyloUITests.swift; sourceTree = "<group>"; };
		CA492582294BDB55008D3DBC /* xyloUITestsLaunchTests.swift */ = {isa = PBXFileReference; lastKnownFileType = sourcecode.swift; path = xyloUITestsLaunchTests.swift; sourceTree = "<group>"; };
/* End PBXFileReference section */

/* Begin PBXFrameworksBuildPhase section */
		CA49255A294BDB54008D3DBC /* Frameworks */ = {
			isa = PBXFrameworksBuildPhase;
			buildActionMask = 2147483647;
			files = (
			);
			runOnlyForDeploymentPostprocessing = 0;
		};
		CA49256F294BDB55008D3DBC /* Frameworks */ = {
			isa = PBXFrameworksBuildPhase;
			buildActionMask = 2147483647;
			files = (
			);
			runOnlyForDeploymentPostprocessing = 0;
		};
		CA492579294BDB55008D3DBC /* Frameworks */ = {
			isa = PBXFrameworksBuildPhase;
			buildActionMask = 2147483647;
			files = (
			);
			runOnlyForDeploymentPostprocessing = 0;
		};
/* End PBXFrameworksBuildPhase section */

/* Begin PBXGroup section */
		CA492554294BDB54008D3DBC = {
			isa = PBXGroup;
			children = (
				CA49255F294BDB54008D3DBC /* xylo */,
				CA492575294BDB55008D3DBC /* xyloTests */,
				CA49257F294BDB55008D3DBC /* xyloUITests */,
				CA49255E294BDB54008D3DBC /* Products */,
			);
			sourceTree = "<group>";
		};
		CA49255E294BDB54008D3DBC /* Products */ = {
			isa = PBXGroup;
			children = (
				CA49255D294BDB54008D3DBC /* xylo.app */,
				CA492572294BDB55008D3DBC /* xyloTests.xctest */,
				CA49257C294BDB55008D3DBC /* xyloUITests.xctest */,
			);
			name = Products;
			sourceTree = "<group>";
		};
		CA49255F294BDB54008D3DBC /* xylo */ = {
			isa = PBXGroup;
			children = (
				CA492560294BDB54008D3DBC /* xyloApp.swift */,
				CA492562294BDB54008D3DBC /* ContentView.swift */,
				CA492564294BDB55008D3DBC /* Assets.xcassets */,
				CA492569294BDB55008D3DBC /* Persistence.swift */,
				CA49256B294BDB55008D3DBC /* xylo.xcdatamodeld */,
				CA492566294BDB55008D3DBC /* Preview Content */,
			);
			path = xylo;
			sourceTree = "<group>";
		};
		CA492566294BDB55008D3DBC /* Preview Content */ = {
			isa = PBXGroup;
			children = (
				CA492567294BDB55008D3DBC /* Preview Assets.xcassets */,
			);
			path = "Preview Content";
			sourceTree = "<group>";
		};
		CA492575294BDB55008D3DBC /* xyloTests */ = {
			isa = PBXGroup;
			children = (
				CA492576294BDB55008D3DBC /* xyloTests.swift */,
			);
			path = xyloTests;
			sourceTree = "<group>";
		};
		CA49257F294BDB55008D3DBC /* xyloUITests */ = {
			isa = PBXGroup;
			children = (
				CA492580294BDB55008D3DBC /* xyloUITests.swift */,
				CA492582294BDB55008D3DBC /* xyloUITestsLaunchTests.swift */,
			);
			path = xyloUITests;
			sourceTree = "<group>";
		};
/* End PBXGroup section */

/* Begin PBXNativeTarget section */
		CA49255C294BDB54008D3DBC /* xylo */ = {
			isa = PBXNativeTarget;
			buildConfigurationList = CA492586294BDB55008D3DBC /* Build configuration list for PBXNativeTarget "xylo" */;
			buildPhases = (
				CA492559294BDB54008D3DBC /* Sources */,
				CA49255A294BDB54008D3DBC /* Frameworks */,
				CA49255B294BDB54008D3DBC /* Resources */,
			);
			buildRules = (
			);
			dependencies = (
			);
			name = xylo;
			productName = xylo;
			productReference = CA49255D294BDB54008D3DBC /* xylo.app */;
			productType = "com.apple.product-type.application";
		};
		CA492571294BDB55008D3DBC /* xyloTests */ = {
			isa = PBXNativeTarget;
			buildConfigurationList = CA492589294BDB55008D3DBC /* Build configuration list for PBXNativeTarget "xyloTests" */;
			buildPhases = (
				CA49256E294BDB55008D3DBC /* Sources */,
				CA49256F294BDB55008D3DBC /* Frameworks */,
				CA492570294BDB55008D3DBC /* Resources */,
			);
			buildRules = (
			);
			dependencies = (
				CA492574294BDB55008D3DBC /* PBXTargetDependency */,
			);
			name = xyloTests;
			productName = xyloTests;
			productReference = CA492572294BDB55008D3DBC /* xyloTests.xctest */;
			productType = "com.apple.product-type.bundle.unit-test";
		};
		CA49257B294BDB55008D3DBC /* xyloUITests */ = {
			isa = PBXNativeTarget;
			buildConfigurationList = CA49258C294BDB55008D3DBC /* Build configuration list for PBXNativeTarget "xyloUITests" */;
			buildPhases = (
				CA492578294BDB55008D3DBC /* Sources */,
				CA492579294BDB55008D3DBC /* Frameworks */,
				CA49257A294BDB55008D3DBC /* Resources */,
			);
			buildRules = (
			);
			dependencies = (
				CA49257E294BDB55008D3DBC /* PBXTargetDependency */,
			);
			name = xyloUITests;
			productName = xyloUITests;
			productReference = CA49257C294BDB55008D3DBC /* xyloUITests.xctest */;
			productType = "com.apple.product-type.bundle.ui-testing";
		};
/* End PBXNativeTarget section */

/* Begin PBXProject section */
		CA492555294BDB54008D3DBC /* Project object */ = {
			isa = PBXProject;
			attributes = {
				BuildIndependentTargetsInParallel = 1;
				LastSwiftUpdateCheck = 1410;
				LastUpgradeCheck = 1410;
				TargetAttributes = {
					CA49255C294BDB54008D3DBC = {
						CreatedOnToolsVersion = 14.1;
					};
					CA492571294BDB55008D3DBC = {
						CreatedOnToolsVersion = 14.1;
						TestTargetID = CA49255C294BDB54008D3DBC;
					};
					CA49257B294BDB55008D3DBC = {
						CreatedOnToolsVersion = 14.1;
						TestTargetID = CA49255C294BDB54008D3DBC;
					};
				};
			};
			buildConfigurationList = CA492558294BDB54008D3DBC /* Build configuration list for PBXProject "xylo" */;
			compatibilityVersion = "Xcode 14.0";
			developmentRegion = en;
			hasScannedForEncodings = 0;
			knownRegions = (
				en,
				Base,
			);
			mainGroup = CA492554294BDB54008D3DBC;
			productRefGroup = CA49255E294BDB54008D3DBC /* Products */;
			projectDirPath = "";
			projectRoot = "";
			targets = (
				CA49255C294BDB54008D3DBC /* xylo */,
				CA492571294BDB55008D3DBC /* xyloTests */,
				CA49257B294BDB55008D3DBC /* xyloUITests */,
			);
		};
/* End PBXProject section */

/* Begin PBXResourcesBuildPhase section */
		CA49255B294BDB54008D3DBC /* Resources */ = {
			isa = PBXResourcesBuildPhase;
			buildActionMask = 2147483647;
			files = (
				CA492568294BDB55008D3DBC /* Preview Assets.xcassets in Resources */,
				CA492565294BDB55008D3DBC /* Assets.xcassets in Resources */,
			);
			runOnlyForDeploymentPostprocessing = 0;
		};
		CA492570294BDB55008D3DBC /* Resources */ = {
			isa = PBXResourcesBuildPhase;
			buildActionMask = 2147483647;
			files = (
			);
			runOnlyForDeploymentPostprocessing = 0;
		};
		CA49257A294BDB55008D3DBC /* Resources */ = {
			isa = PBXResourcesBuildPhase;
			buildActionMask = 2147483647;
			files = (
			);
			runOnlyForDeploymentPostprocessing = 0;
		};
/* End PBXResourcesBuildPhase section */

/* Begin PBXSourcesBuildPhase section */
		CA492559294BDB54008D3DBC /* Sources */ = {
			isa = PBXSourcesBuildPhase;
			buildActionMask = 2147483647;
			files = (
				CA49256A294BDB55008D3DBC /* Persistence.swift in Sources */,
				CA49256D294BDB55008D3DBC /* xylo.xcdatamodeld in Sources */,
				CA492563294BDB54008D3DBC /* ContentView.swift in Sources */,
				CA492561294BDB54008D3DBC /* xyloApp.swift in Sources */,
			);
			runOnlyForDeploymentPostprocessing = 0;
		};
		CA49256E294BDB55008D3DBC /* Sources */ = {
			isa = PBXSourcesBuildPhase;
			buildActionMask = 2147483647;
			files = (
				CA492577294BDB55008D3DBC /* xyloTests.swift in Sources */,
			);
			runOnlyForDeploymentPostprocessing = 0;
		};
		CA492578294BDB55008D3DBC /* Sources */ = {
			isa = PBXSourcesBuildPhase;
			buildActionMask = 2147483647;
			files = (
				CA492583294BDB55008D3DBC /* xyloUITestsLaunchTests.swift in Sources */,
				CA492581294BDB55008D3DBC /* xyloUITests.swift in Sources */,
			);
			runOnlyForDeploymentPostprocessing = 0;
		};
/* End PBXSourcesBuildPhase section */

/* Begin PBXTargetDependency section */
		CA492574294BDB55008D3DBC /* PBXTargetDependency */ = {
			isa = PBXTargetDependency;
			target = CA49255C294BDB54008D3DBC /* xylo */;
			targetProxy = CA492573294BDB55008D3DBC /* PBXContainerItemProxy */;
		};
		CA49257E294BDB55008D3DBC /* PBXTargetDependency */ = {
			isa = PBXTargetDependency;
			target = CA49255C294BDB54008D3DBC /* xylo */;
			targetProxy = CA49257D294BDB55008D3DBC /* PBXContainerItemProxy */;
		};
/* End PBXTargetDependency section */

/* Begin XCBuildConfiguration section */
		CA492584294BDB55008D3DBC /* Debug */ = {
			isa = XCBuildConfiguration;
			buildSettings = {
				ALWAYS_SEARCH_USER_PATHS = NO;
				CLANG_ANALYZER_NONNULL = YES;
				CLANG_ANALYZER_NUMBER_OBJECT_CONVERSION = YES_AGGRESSIVE;
				CLANG_CXX_LANGUAGE_STANDARD = "gnu++20";
				CLANG_ENABLE_MODULES = YES;
				CLANG_ENABLE_OBJC_ARC = YES;
				CLANG_ENABLE_OBJC_WEAK = YES;
				CLANG_WARN_BLOCK_CAPTURE_AUTORELEASING = YES;
				CLANG_WARN_BOOL_CONVERSION = YES;
				CLANG_WARN_COMMA = YES;
				CLANG_WARN_CONSTANT_CONVERSION = YES;
				CLANG_WARN_DEPRECATED_OBJC_IMPLEMENTATIONS = YES;
				CLANG_WARN_DIRECT_OBJC_ISA_USAGE = YES_ERROR;
				CLANG_WARN_DOCUMENTATION_COMMENTS = YES;
				CLANG_WARN_EMPTY_BODY = YES;
				CLANG_WARN_ENUM_CONVERSION = YES;
				CLANG_WARN_INFINITE_RECURSION = YES;
				CLANG_WARN_INT_CONVERSION = YES;
				CLANG_WARN_NON_LITERAL_NULL_CONVERSION = YES;
				CLANG_WARN_OBJC_IMPLICIT_RETAIN_SELF = YES;
				CLANG_WARN_OBJC_LITERAL_CONVERSION = YES;
				CLANG_WARN_OBJC_ROOT_CLASS = YES_ERROR;
				CLANG_WARN_QUOTED_INCLUDE_IN_FRAMEWORK_HEADER = YES;
				CLANG_WARN_RANGE_LOOP_ANALYSIS = YES;
				CLANG_WARN_STRICT_PROTOTYPES = YES;
				CLANG_WARN_SUSPICIOUS_MOVE = YES;
				CLANG_WARN_UNGUARDED_AVAILABILITY = YES_AGGRESSIVE;
				CLANG_WARN_UNREACHABLE_CODE = YES;
				CLANG_WARN__DUPLICATE_METHOD_MATCH = YES;
				COPY_PHASE_STRIP = NO;
				DEBUG_INFORMATION_FORMAT = dwarf;
				ENABLE_STRICT_OBJC_MSGSEND = YES;
				ENABLE_TESTABILITY = YES;
				GCC_C_LANGUAGE_STANDARD = gnu11;
				GCC_DYNAMIC_NO_PIC = NO;
				GCC_NO_COMMON_BLOCKS = YES;
				GCC_OPTIMIZATION_LEVEL = 0;
				GCC_PREPROCESSOR_DEFINITIONS = (
					"DEBUG=1",
					"$(inherited)",
				);
				GCC_WARN_64_TO_32_BIT_CONVERSION = YES;
				GCC_WARN_ABOUT_RETURN_TYPE = YES_ERROR;
				GCC_WARN_UNDECLARED_SELECTOR = YES;
				GCC_WARN_UNINITIALIZED_AUTOS = YES_AGGRESSIVE;
				GCC_WARN_UNUSED_FUNCTION = YES;
				GCC_WARN_UNUSED_VARIABLE = YES;
				IPHONEOS_DEPLOYMENT_TARGET = 16.1;
				MTL_ENABLE_DEBUG_INFO = INCLUDE_SOURCE;
				MTL_FAST_MATH = YES;
				ONLY_ACTIVE_ARCH = YES;
				SDKROOT = iphoneos;
				SWIFT_ACTIVE_COMPILATION_CONDITIONS = DEBUG;
				SWIFT_OPTIMIZATION_LEVEL = "-Onone";
			};
			name = Debug;
		};
		CA492585294BDB55008D3DBC /* Release */ = {
			isa = XCBuildConfiguration;
			buildSettings = {
				ALWAYS_SEARCH_USER_PATHS = NO;
				CLANG_ANALYZER_NONNULL = YES;
				CLANG_ANALYZER_NUMBER_OBJECT_CONVERSION = YES_AGGRESSIVE;
				CLANG_CXX_LANGUAGE_STANDARD = "gnu++20";
				CLANG_ENABLE_MODULES = YES;
				CLANG_ENABLE_OBJC_ARC = YES;
				CLANG_ENABLE_OBJC_WEAK = YES;
				CLANG_WARN_BLOCK_CAPTURE_AUTORELEASING = YES;
				CLANG_WARN_BOOL_CONVERSION = YES;
				CLANG_WARN_COMMA = YES;
				CLANG_WARN_CONSTANT_CONVERSION = YES;
				CLANG_WARN_DEPRECATED_OBJC_IMPLEMENTATIONS = YES;
				CLANG_WARN_DIRECT_OBJC_ISA_USAGE = YES_ERROR;
				CLANG_WARN_DOCUMENTATION_COMMENTS = YES;
				CLANG_WARN_EMPTY_BODY = YES;
				CLANG_WARN_ENUM_CONVERSION = YES;
				CLANG_WARN_INFINITE_RECURSION = YES;
				CLANG_WARN_INT_CONVERSION = YES;
				CLANG_WARN_NON_LITERAL_NULL_CONVERSION = YES;
				CLANG_WARN_OBJC_IMPLICIT_RETAIN_SELF = YES;
				CLANG_WARN_OBJC_LITERAL_CONVERSION = YES;
				CLANG_WARN_OBJC_ROOT_CLASS = YES_ERROR;
				CLANG_WARN_QUOTED_INCLUDE_IN_FRAMEWORK_HEADER = YES;
				CLANG_WARN_RANGE_LOOP_ANALYSIS = YES;
				CLANG_WARN_STRICT_PROTOTYPES = YES;
				CLANG_WARN_SUSPICIOUS_MOVE = YES;
				CLANG_WARN_UNGUARDED_AVAILABILITY = YES_AGGRESSIVE;
				CLANG_WARN_UNREACHABLE_CODE = YES;
				CLANG_WARN__DUPLICATE_METHOD_MATCH = YES;
				COPY_PHASE_STRIP = NO;
				DEBUG_INFORMATION_FORMAT = "dwarf-with-dsym";
				ENABLE_NS_ASSERTIONS = NO;
				ENABLE_STRICT_OBJC_MSGSEND = YES;
				GCC_C_LANGUAGE_STANDARD = gnu11;
				GCC_NO_COMMON_BLOCKS = YES;
				GCC_WARN_64_TO_32_BIT_CONVERSION = YES;
				GCC_WARN_ABOUT_RETURN_TYPE = YES_ERROR;
				GCC_WARN_UNDECLARED_SELECTOR = YES;
				GCC_WARN_UNINITIALIZED_AUTOS = YES_AGGRESSIVE;
				GCC_WARN_UNUSED_FUNCTION = YES;
				GCC_WARN_UNUSED_VARIABLE = YES;
				IPHONEOS_DEPLOYMENT_TARGET = 16.1;
				MTL_ENABLE_DEBUG_INFO = NO;
				MTL_FAST_MATH = YES;
				SDKROOT = iphoneos;
				SWIFT_COMPILATION_MODE = wholemodule;
				SWIFT_OPTIMIZATION_LEVEL = "-O";
				VALIDATE_PRODUCT = YES;
			};
			name = Release;
		};
		CA492587294BDB55008D3DBC /* Debug */ = {
			isa = XCBuildConfiguration;
			buildSettings = {
				ASSETCATALOG_COMPILER_APPICON_NAME = AppIcon;
				ASSETCATALOG_COMPILER_GLOBAL_ACCENT_COLOR_NAME = AccentColor;
				CODE_SIGN_STYLE = Automatic;
				CURRENT_PROJECT_VERSION = 1;
				DEVELOPMENT_ASSET_PATHS = "\"xylo/Preview Content\"";
				DEVELOPMENT_TEAM = U8JPVFNQDB;
				ENABLE_PREVIEWS = YES;
				GENERATE_INFOPLIST_FILE = YES;
				INFOPLIST_KEY_UIApplicationSceneManifest_Generation = YES;
				INFOPLIST_KEY_UIApplicationSupportsIndirectInputEvents = YES;
				INFOPLIST_KEY_UILaunchScreen_Generation = YES;
				INFOPLIST_KEY_UISupportedInterfaceOrientations_iPad = "UIInterfaceOrientationPortrait UIInterfaceOrientationPortraitUpsideDown UIInterfaceOrientationLandscapeLeft UIInterfaceOrientationLandscapeRight";
				INFOPLIST_KEY_UISupportedInterfaceOrientations_iPhone = "UIInterfaceOrientationPortrait UIInterfaceOrientationLandscapeLeft UIInterfaceOrientationLandscapeRight";
				LD_RUNPATH_SEARCH_PATHS = (
					"$(inherited)",
					"@executable_path/Frameworks",
				);
				MARKETING_VERSION = 1.0;
				PRODUCT_BUNDLE_IDENTIFIER = com.kojingu.xylo;
				PRODUCT_NAME = "$(TARGET_NAME)";
				SWIFT_EMIT_LOC_STRINGS = YES;
				SWIFT_VERSION = 5.0;
				TARGETED_DEVICE_FAMILY = "1,2";
			};
			name = Debug;
		};
		CA492588294BDB55008D3DBC /* Release */ = {
			isa = XCBuildConfiguration;
			buildSettings = {
				ASSETCATALOG_COMPILER_APPICON_NAME = AppIcon;
				ASSETCATALOG_COMPILER_GLOBAL_ACCENT_COLOR_NAME = AccentColor;
				CODE_SIGN_STYLE = Automatic;
				CURRENT_PROJECT_VERSION = 1;
				DEVELOPMENT_ASSET_PATHS = "\"xylo/Preview Content\"";
				DEVELOPMENT_TEAM = U8JPVFNQDB;
				ENABLE_PREVIEWS = YES;
				GENERATE_INFOPLIST_FILE = YES;
				INFOPLIST_KEY_UIApplicationSceneManifest_Generation = YES;
				INFOPLIST_KEY_UIApplicationSupportsIndirectInputEvents = YES;
				INFOPLIST_KEY_UILaunchScreen_Generation = YES;
				INFOPLIST_KEY_UISupportedInterfaceOrientations_iPad = "UIInterfaceOrientationPortrait UIInterfaceOrientationPortraitUpsideDown UIInterfaceOrientationLandscapeLeft UIInterfaceOrientationLandscapeRight";
				INFOPLIST_KEY_UISupportedInterfaceOrientations_iPhone = "UIInterfaceOrientationPortrait UIInterfaceOrientationLandscapeLeft UIInterfaceOrientationLandscapeRight";
				LD_RUNPATH_SEARCH_PATHS = (
					"$(inherited)",
					"@executable_path/Frameworks",
				);
				MARKETING_VERSION = 1.0;
				PRODUCT_BUNDLE_IDENTIFIER = com.kojingu.xylo;
				PRODUCT_NAME = "$(TARGET_NAME)";
				SWIFT_EMIT_LOC_STRINGS = YES;
				SWIFT_VERSION = 5.0;
				TARGETED_DEVICE_FAMILY = "1,2";
			};
			name = Release;
		};
		CA49258A294BDB55008D3DBC /* Debug */ = {
			isa = XCBuildConfiguration;
			buildSettings = {
				ALWAYS_EMBED_SWIFT_STANDARD_LIBRARIES = YES;
				BUNDLE_LOADER = "$(TEST_HOST)";
				CODE_SIGN_STYLE = Automatic;
				CURRENT_PROJECT_VERSION = 1;
				DEVELOPMENT_TEAM = U8JPVFNQDB;
				GENERATE_INFOPLIST_FILE = YES;
				IPHONEOS_DEPLOYMENT_TARGET = 16.1;
				MARKETING_VERSION = 1.0;
				PRODUCT_BUNDLE_IDENTIFIER = com.kojingu.xyloTests;
				PRODUCT_NAME = "$(TARGET_NAME)";
				SWIFT_EMIT_LOC_STRINGS = NO;
				SWIFT_VERSION = 5.0;
				TARGETED_DEVICE_FAMILY = "1,2";
				TEST_HOST = "$(BUILT_PRODUCTS_DIR)/xylo.app/$(BUNDLE_EXECUTABLE_FOLDER_PATH)/xylo";
			};
			name = Debug;
		};
		CA49258B294BDB55008D3DBC /* Release */ = {
			isa = XCBuildConfiguration;
			buildSettings = {
				ALWAYS_EMBED_SWIFT_STANDARD_LIBRARIES = YES;
				BUNDLE_LOADER = "$(TEST_HOST)";
				CODE_SIGN_STYLE = Automatic;
				CURRENT_PROJECT_VERSION = 1;
				DEVELOPMENT_TEAM = U8JPVFNQDB;
				GENERATE_INFOPLIST_FILE = YES;
				IPHONEOS_DEPLOYMENT_TARGET = 16.1;
				MARKETING_VERSION = 1.0;
				PRODUCT_BUNDLE_IDENTIFIER = com.kojingu.xyloTests;
				PRODUCT_NAME = "$(TARGET_NAME)";
				SWIFT_EMIT_LOC_STRINGS = NO;
				SWIFT_VERSION = 5.0;
				TARGETED_DEVICE_FAMILY = "1,2";
				TEST_HOST = "$(BUILT_PRODUCTS_DIR)/xylo.app/$(BUNDLE_EXECUTABLE_FOLDER_PATH)/xylo";
			};
			name = Release;
		};
		CA49258D294BDB55008D3DBC /* Debug */ = {
			isa = XCBuildConfiguration;
			buildSettings = {
				ALWAYS_EMBED_SWIFT_STANDARD_LIBRARIES = YES;
				CODE_SIGN_STYLE = Automatic;
				CURRENT_PROJECT_VERSION = 1;
				DEVELOPMENT_TEAM = U8JPVFNQDB;
				GENERATE_INFOPLIST_FILE = YES;
				MARKETING_VERSION = 1.0;
				PRODUCT_BUNDLE_IDENTIFIER = com.kojingu.xyloUITests;
				PRODUCT_NAME = "$(TARGET_NAME)";
				SWIFT_EMIT_LOC_STRINGS = NO;
				SWIFT_VERSION = 5.0;
				TARGETED_DEVICE_FAMILY = "1,2";
				TEST_TARGET_NAME = xylo;
			};
			name = Debug;
		};
		CA49258E294BDB55008D3DBC /* Release */ = {
			isa = XCBuildConfiguration;
			buildSettings = {
				ALWAYS_EMBED_SWIFT_STANDARD_LIBRARIES = YES;
				CODE_SIGN_STYLE = Automatic;
				CURRENT_PROJECT_VERSION = 1;
				DEVELOPMENT_TEAM = U8JPVFNQDB;
				GENERATE_INFOPLIST_FILE = YES;
				MARKETING_VERSION = 1.0;
				PRODUCT_BUNDLE_IDENTIFIER = com.kojingu.xyloUITests;
				PRODUCT_NAME = "$(TARGET_NAME)";
				SWIFT_EMIT_LOC_STRINGS = NO;
				SWIFT_VERSION = 5.0;
				TARGETED_DEVICE_FAMILY = "1,2";
				TEST_TARGET_NAME = xylo;
			};
			name = Release;
		};
/* End XCBuildConfiguration section */

/* Begin XCConfigurationList section */
		CA492558294BDB54008D3DBC /* Build configuration list for PBXProject "xylo" */ = {
			isa = XCConfigurationList;
			buildConfigurations = (
				CA492584294BDB55008D3DBC /* Debug */,
				CA492585294BDB55008D3DBC /* Release */,
			);
			defaultConfigurationIsVisible = 0;
			defaultConfigurationName = Release;
		};
		CA492586294BDB55008D3DBC /* Build configuration list for PBXNativeTarget "xylo" */ = {
			isa = XCConfigurationList;
			buildConfigurations = (
				CA492587294BDB55008D3DBC /* Debug */,
				CA492588294BDB55008D3DBC /* Release */,
			);
			defaultConfigurationIsVisible = 0;
			defaultConfigurationName = Release;
		};
		CA492589294BDB55008D3DBC /* Build configuration list for PBXNativeTarget "xyloTests" */ = {
			isa = XCConfigurationList;
			buildConfigurations = (
				CA49258A294BDB55008D3DBC /* Debug */,
				CA49258B294BDB55008D3DBC /* Release */,
			);
			defaultConfigurationIsVisible = 0;
			defaultConfigurationName = Release;
		};
		CA49258C294BDB55008D3DBC /* Build configuration list for PBXNativeTarget "xyloUITests" */ = {
			isa = XCConfigurationList;
			buildConfigurations = (
				CA49258D294BDB55008D3DBC /* Debug */,
				CA49258E294BDB55008D3DBC /* Release */,
			);
			defaultConfigurationIsVisible = 0;
			defaultConfigurationName = Release;
		};
/* End XCConfigurationList section */

/* Begin XCVersionGroup section */
		CA49256B294BDB55008D3DBC /* xylo.xcdatamodeld */ = {
			isa = XCVersionGroup;
			children = (
				CA49256C294BDB55008D3DBC /* xylo.xcdatamodel */,
			);
			currentVersion = CA49256C294BDB55008D3DBC /* xylo.xcdatamodel */;
			path = xylo.xcdatamodeld;
			sourceTree = "<group>";
			versionGroupType = wrapper.xcdatamodel;
		};
/* End XCVersionGroup section */
	};
	rootObject = CA492555294BDB54008D3DBC /* Project object */;
}
