// !$*UTF8*$!
{
	archiveVersion = 1;
	classes = {
	};
	objectVersion = 56;
	objects = {

/* Begin PBXBuildFile section */
		CA0192E42955268200499A7D /* WelcomeScreen.swift in Sources */ = {isa = PBXBuildFile; fileRef = CA0192E32955268200499A7D /* WelcomeScreen.swift */; };
		CA0192E72955342700499A7D /* Localizable.strings in Resources */ = {isa = PBXBuildFile; fileRef = CA0192E92955342700499A7D /* Localizable.strings */; };
		CA0192F529567AF800499A7D /* JoinFriendsScreen.swift in Sources */ = {isa = PBXBuildFile; fileRef = CA0192F429567AF800499A7D /* JoinFriendsScreen.swift */; };
		CA0192F729567B1400499A7D /* CreateGameScreen.swift in Sources */ = {isa = PBXBuildFile; fileRef = CA0192F629567B1400499A7D /* CreateGameScreen.swift */; };
		CA2A895129574F2500CC5DA4 /* SocketIO in Frameworks */ = {isa = PBXBuildFile; productRef = CA2A895029574F2500CC5DA4 /* SocketIO */; };
		CA2A8954295755DE00CC5DA4 /* CreateGameViewModel.swift in Sources */ = {isa = PBXBuildFile; fileRef = CA2A8953295755DE00CC5DA4 /* CreateGameViewModel.swift */; };
		CA2A89562957634A00CC5DA4 /* BorderedPurpleButton.swift in Sources */ = {isa = PBXBuildFile; fileRef = CA2A89552957634A00CC5DA4 /* BorderedPurpleButton.swift */; };
		CA2A895A295768D100CC5DA4 /* PurpleButton.swift in Sources */ = {isa = PBXBuildFile; fileRef = CA2A8959295768D100CC5DA4 /* PurpleButton.swift */; };
		CA492561294BDB54008D3DBC /* xyloApp.swift in Sources */ = {isa = PBXBuildFile; fileRef = CA492560294BDB54008D3DBC /* xyloApp.swift */; };
		CA492563294BDB54008D3DBC /* ContentView.swift in Sources */ = {isa = PBXBuildFile; fileRef = CA492562294BDB54008D3DBC /* ContentView.swift */; };
		CA492565294BDB55008D3DBC /* Assets.xcassets in Resources */ = {isa = PBXBuildFile; fileRef = CA492564294BDB55008D3DBC /* Assets.xcassets */; };
		CA492568294BDB55008D3DBC /* Preview Assets.xcassets in Resources */ = {isa = PBXBuildFile; fileRef = CA492567294BDB55008D3DBC /* Preview Assets.xcassets */; };
		CA49256A294BDB55008D3DBC /* Persistence.swift in Sources */ = {isa = PBXBuildFile; fileRef = CA492569294BDB55008D3DBC /* Persistence.swift */; };
		CA49256D294BDB55008D3DBC /* xylo.xcdatamodeld in Sources */ = {isa = PBXBuildFile; fileRef = CA49256B294BDB55008D3DBC /* xylo.xcdatamodeld */; };
		CA492577294BDB55008D3DBC /* xyloTests.swift in Sources */ = {isa = PBXBuildFile; fileRef = CA492576294BDB55008D3DBC /* xyloTests.swift */; };
		CA492581294BDB55008D3DBC /* xyloUITests.swift in Sources */ = {isa = PBXBuildFile; fileRef = CA492580294BDB55008D3DBC /* xyloUITests.swift */; };
		CA492583294BDB55008D3DBC /* xyloUITestsLaunchTests.swift in Sources */ = {isa = PBXBuildFile; fileRef = CA492582294BDB55008D3DBC /* xyloUITestsLaunchTests.swift */; };
		CA7EE3B1295A318B006E2032 /* Swinject in Frameworks */ = {isa = PBXBuildFile; productRef = CA7EE3B0295A318B006E2032 /* Swinject */; };
		CA7EE3B5295A32AC006E2032 /* SocketIOService.swift in Sources */ = {isa = PBXBuildFile; fileRef = CA7EE3B4295A32AC006E2032 /* SocketIOService.swift */; };
		CA8359D2297369BA00A7E0B1 /* DependencyInjector.swift in Sources */ = {isa = PBXBuildFile; fileRef = CA8359D1297369BA00A7E0B1 /* DependencyInjector.swift */; };
		CA8359D629736FFD00A7E0B1 /* ServicesModule.swift in Sources */ = {isa = PBXBuildFile; fileRef = CA8359D529736FFD00A7E0B1 /* ServicesModule.swift */; };
		CA8359D9297372E600A7E0B1 /* SocketIoModule.swift in Sources */ = {isa = PBXBuildFile; fileRef = CA8359D8297372E600A7E0B1 /* SocketIoModule.swift */; };
		CA8359DB2973763100A7E0B1 /* DependencyContainer.swift in Sources */ = {isa = PBXBuildFile; fileRef = CA8359DA2973763100A7E0B1 /* DependencyContainer.swift */; };
		CA8359DE29737AAB00A7E0B1 /* InviteFriendsScreen.swift in Sources */ = {isa = PBXBuildFile; fileRef = CA8359DD29737AAB00A7E0B1 /* InviteFriendsScreen.swift */; };
		CA8359E029737B6C00A7E0B1 /* InviteFriendsViewModel.swift in Sources */ = {isa = PBXBuildFile; fileRef = CA8359DF29737B6C00A7E0B1 /* InviteFriendsViewModel.swift */; };
		CA8359E329738D2000A7E0B1 /* Navigator.swift in Sources */ = {isa = PBXBuildFile; fileRef = CA8359E229738D2000A7E0B1 /* Navigator.swift */; };
		CA96C6792974A06B008169B5 /* CreateSonataScreen.swift in Sources */ = {isa = PBXBuildFile; fileRef = CA96C6782974A06B008169B5 /* CreateSonataScreen.swift */; };
		CA96C67B2974A1E8008169B5 /* NoteButton.swift in Sources */ = {isa = PBXBuildFile; fileRef = CA96C67A2974A1E8008169B5 /* NoteButton.swift */; };
		CA96C67E2974A2FC008169B5 /* Note.swift in Sources */ = {isa = PBXBuildFile; fileRef = CA96C67D2974A2FC008169B5 /* Note.swift */; };
		CA96C6802974A854008169B5 /* XyloView.swift in Sources */ = {isa = PBXBuildFile; fileRef = CA96C67F2974A854008169B5 /* XyloView.swift */; };
		CA96C6982974BDE2008169B5 /* E.wav in Resources */ = {isa = PBXBuildFile; fileRef = CA96C6902974BDE2008169B5 /* E.wav */; };
		CA96C6992974BDE2008169B5 /* A.wav in Resources */ = {isa = PBXBuildFile; fileRef = CA96C6912974BDE2008169B5 /* A.wav */; };
		CA96C69A2974BDE2008169B5 /* C.wav in Resources */ = {isa = PBXBuildFile; fileRef = CA96C6922974BDE2008169B5 /* C.wav */; };
		CA96C69B2974BDE2008169B5 /* B.wav in Resources */ = {isa = PBXBuildFile; fileRef = CA96C6932974BDE2008169B5 /* B.wav */; };
		CA96C69C2974BDE2008169B5 /* G.wav in Resources */ = {isa = PBXBuildFile; fileRef = CA96C6942974BDE2008169B5 /* G.wav */; };
		CA96C69D2974BDE2008169B5 /* D.wav in Resources */ = {isa = PBXBuildFile; fileRef = CA96C6952974BDE2008169B5 /* D.wav */; };
		CA96C69E2974BDE2008169B5 /* _readme_and_license.txt in Resources */ = {isa = PBXBuildFile; fileRef = CA96C6962974BDE2008169B5 /* _readme_and_license.txt */; };
		CA96C69F2974BDE2008169B5 /* F.wav in Resources */ = {isa = PBXBuildFile; fileRef = CA96C6972974BDE2008169B5 /* F.wav */; };
		CACF24F6297B609E0077B66E /* WaitForSonataScreen.swift in Sources */ = {isa = PBXBuildFile; fileRef = CACF24F5297B609E0077B66E /* WaitForSonataScreen.swift */; };
		CACF24F9297B62820077B66E /* GuessSonataScreen.swift in Sources */ = {isa = PBXBuildFile; fileRef = CACF24F8297B62820077B66E /* GuessSonataScreen.swift */; };
		CACF24FC297B73CB0077B66E /* CountdownScreen.swift in Sources */ = {isa = PBXBuildFile; fileRef = CACF24FB297B73CB0077B66E /* CountdownScreen.swift */; };
		CACF24FE297B757C0077B66E /* ScoreBoard.swift in Sources */ = {isa = PBXBuildFile; fileRef = CACF24FD297B757C0077B66E /* ScoreBoard.swift */; };
		CACF2502297B79050077B66E /* GameOverScreen.swift in Sources */ = {isa = PBXBuildFile; fileRef = CACF2501297B79050077B66E /* GameOverScreen.swift */; };
		CACF2506297B7A930077B66E /* ScoreTable.swift in Sources */ = {isa = PBXBuildFile; fileRef = CACF2505297B7A930077B66E /* ScoreTable.swift */; };
		CACF2509297B7B580077B66E /* ScoreScreen.swift in Sources */ = {isa = PBXBuildFile; fileRef = CACF2508297B7B580077B66E /* ScoreScreen.swift */; };
		CACF250B297B7C350077B66E /* EntryField.swift in Sources */ = {isa = PBXBuildFile; fileRef = CACF250A297B7C350077B66E /* EntryField.swift */; };
/* End PBXBuildFile section */

/* Begin PBXContainerItemProxy section */
		CA492573294BDB55008D3DBC /* PBXContainerItemProxy */ = {
			isa = PBXContainerItemProxy;
			containerPortal = CA492555294BDB54008D3DBC /* Project object */;
			proxyType = 1;
			remoteGlobalIDString = CA49255C294BDB54008D3DBC;
			remoteInfo = xylo;
		};
		CA49257D294BDB55008D3DBC /* PBXContainerItemProxy */ = {
			isa = PBXContainerItemProxy;
			containerPortal = CA492555294BDB54008D3DBC /* Project object */;
			proxyType = 1;
			remoteGlobalIDString = CA49255C294BDB54008D3DBC;
			remoteInfo = xylo;
		};
/* End PBXContainerItemProxy section */

/* Begin PBXFileReference section */
		CA0192E32955268200499A7D /* WelcomeScreen.swift */ = {isa = PBXFileReference; lastKnownFileType = sourcecode.swift; path = WelcomeScreen.swift; sourceTree = "<group>"; };
		CA0192E82955342700499A7D /* en */ = {isa = PBXFileReference; lastKnownFileType = text.plist.strings; name = en; path = en.lproj/Localizable.strings; sourceTree = "<group>"; };
		CA0192EA2955343A00499A7D /* es */ = {isa = PBXFileReference; lastKnownFileType = text.plist.strings; name = es; path = es.lproj/Localizable.strings; sourceTree = "<group>"; };
		CA0192F429567AF800499A7D /* JoinFriendsScreen.swift */ = {isa = PBXFileReference; lastKnownFileType = sourcecode.swift; path = JoinFriendsScreen.swift; sourceTree = "<group>"; };
		CA0192F629567B1400499A7D /* CreateGameScreen.swift */ = {isa = PBXFileReference; lastKnownFileType = sourcecode.swift; path = CreateGameScreen.swift; sourceTree = "<group>"; };
		CA2A8953295755DE00CC5DA4 /* CreateGameViewModel.swift */ = {isa = PBXFileReference; lastKnownFileType = sourcecode.swift; path = CreateGameViewModel.swift; sourceTree = "<group>"; };
		CA2A89552957634A00CC5DA4 /* BorderedPurpleButton.swift */ = {isa = PBXFileReference; lastKnownFileType = sourcecode.swift; path = BorderedPurpleButton.swift; sourceTree = "<group>"; };
		CA2A8959295768D100CC5DA4 /* PurpleButton.swift */ = {isa = PBXFileReference; lastKnownFileType = sourcecode.swift; path = PurpleButton.swift; sourceTree = "<group>"; };
		CA49255D294BDB54008D3DBC /* xylo.app */ = {isa = PBXFileReference; explicitFileType = wrapper.application; includeInIndex = 0; path = xylo.app; sourceTree = BUILT_PRODUCTS_DIR; };
		CA492560294BDB54008D3DBC /* xyloApp.swift */ = {isa = PBXFileReference; lastKnownFileType = sourcecode.swift; path = xyloApp.swift; sourceTree = "<group>"; };
		CA492562294BDB54008D3DBC /* ContentView.swift */ = {isa = PBXFileReference; lastKnownFileType = sourcecode.swift; path = ContentView.swift; sourceTree = "<group>"; };
		CA492564294BDB55008D3DBC /* Assets.xcassets */ = {isa = PBXFileReference; lastKnownFileType = folder.assetcatalog; path = Assets.xcassets; sourceTree = "<group>"; };
		CA492567294BDB55008D3DBC /* Preview Assets.xcassets */ = {isa = PBXFileReference; lastKnownFileType = folder.assetcatalog; path = "Preview Assets.xcassets"; sourceTree = "<group>"; };
		CA492569294BDB55008D3DBC /* Persistence.swift */ = {isa = PBXFileReference; lastKnownFileType = sourcecode.swift; path = Persistence.swift; sourceTree = "<group>"; };
		CA49256C294BDB55008D3DBC /* xylo.xcdatamodel */ = {isa = PBXFileReference; lastKnownFileType = wrapper.xcdatamodel; path = xylo.xcdatamodel; sourceTree = "<group>"; };
		CA492572294BDB55008D3DBC /* xyloTests.xctest */ = {isa = PBXFileReference; explicitFileType = wrapper.cfbundle; includeInIndex = 0; path = xyloTests.xctest; sourceTree = BUILT_PRODUCTS_DIR; };
		CA492576294BDB55008D3DBC /* xyloTests.swift */ = {isa = PBXFileReference; lastKnownFileType = sourcecode.swift; path = xyloTests.swift; sourceTree = "<group>"; };
		CA49257C294BDB55008D3DBC /* xyloUITests.xctest */ = {isa = PBXFileReference; explicitFileType = wrapper.cfbundle; includeInIndex = 0; path = xyloUITests.xctest; sourceTree = BUILT_PRODUCTS_DIR; };
		CA492580294BDB55008D3DBC /* xyloUITests.swift */ = {isa = PBXFileReference; lastKnownFileType = sourcecode.swift; path = xyloUITests.swift; sourceTree = "<group>"; };
		CA492582294BDB55008D3DBC /* xyloUITestsLaunchTests.swift */ = {isa = PBXFileReference; lastKnownFileType = sourcecode.swift; path = xyloUITestsLaunchTests.swift; sourceTree = "<group>"; };
		CA7EE3B4295A32AC006E2032 /* SocketIOService.swift */ = {isa = PBXFileReference; lastKnownFileType = sourcecode.swift; path = SocketIOService.swift; sourceTree = "<group>"; };
		CA8359D1297369BA00A7E0B1 /* DependencyInjector.swift */ = {isa = PBXFileReference; lastKnownFileType = sourcecode.swift; path = DependencyInjector.swift; sourceTree = "<group>"; };
		CA8359D529736FFD00A7E0B1 /* ServicesModule.swift */ = {isa = PBXFileReference; lastKnownFileType = sourcecode.swift; path = ServicesModule.swift; sourceTree = "<group>"; };
		CA8359D8297372E600A7E0B1 /* SocketIoModule.swift */ = {isa = PBXFileReference; lastKnownFileType = sourcecode.swift; path = SocketIoModule.swift; sourceTree = "<group>"; };
		CA8359DA2973763100A7E0B1 /* DependencyContainer.swift */ = {isa = PBXFileReference; lastKnownFileType = sourcecode.swift; path = DependencyContainer.swift; sourceTree = "<group>"; };
		CA8359DD29737AAB00A7E0B1 /* InviteFriendsScreen.swift */ = {isa = PBXFileReference; lastKnownFileType = sourcecode.swift; path = InviteFriendsScreen.swift; sourceTree = "<group>"; };
		CA8359DF29737B6C00A7E0B1 /* InviteFriendsViewModel.swift */ = {isa = PBXFileReference; lastKnownFileType = sourcecode.swift; path = InviteFriendsViewModel.swift; sourceTree = "<group>"; };
		CA8359E229738D2000A7E0B1 /* Navigator.swift */ = {isa = PBXFileReference; lastKnownFileType = sourcecode.swift; path = Navigator.swift; sourceTree = "<group>"; };
		CA96C6782974A06B008169B5 /* CreateSonataScreen.swift */ = {isa = PBXFileReference; lastKnownFileType = sourcecode.swift; path = CreateSonataScreen.swift; sourceTree = "<group>"; };
		CA96C67A2974A1E8008169B5 /* NoteButton.swift */ = {isa = PBXFileReference; lastKnownFileType = sourcecode.swift; path = NoteButton.swift; sourceTree = "<group>"; };
		CA96C67D2974A2FC008169B5 /* Note.swift */ = {isa = PBXFileReference; lastKnownFileType = sourcecode.swift; path = Note.swift; sourceTree = "<group>"; };
		CA96C67F2974A854008169B5 /* XyloView.swift */ = {isa = PBXFileReference; lastKnownFileType = sourcecode.swift; path = XyloView.swift; sourceTree = "<group>"; };
		CA96C6902974BDE2008169B5 /* E.wav */ = {isa = PBXFileReference; lastKnownFileType = audio.wav; path = E.wav; sourceTree = "<group>"; };
		CA96C6912974BDE2008169B5 /* A.wav */ = {isa = PBXFileReference; lastKnownFileType = audio.wav; path = A.wav; sourceTree = "<group>"; };
		CA96C6922974BDE2008169B5 /* C.wav */ = {isa = PBXFileReference; lastKnownFileType = audio.wav; path = C.wav; sourceTree = "<group>"; };
		CA96C6932974BDE2008169B5 /* B.wav */ = {isa = PBXFileReference; lastKnownFileType = audio.wav; path = B.wav; sourceTree = "<group>"; };
		CA96C6942974BDE2008169B5 /* G.wav */ = {isa = PBXFileReference; lastKnownFileType = audio.wav; path = G.wav; sourceTree = "<group>"; };
		CA96C6952974BDE2008169B5 /* D.wav */ = {isa = PBXFileReference; lastKnownFileType = audio.wav; path = D.wav; sourceTree = "<group>"; };
		CA96C6962974BDE2008169B5 /* _readme_and_license.txt */ = {isa = PBXFileReference; fileEncoding = 4; lastKnownFileType = text; path = _readme_and_license.txt; sourceTree = "<group>"; };
		CA96C6972974BDE2008169B5 /* F.wav */ = {isa = PBXFileReference; lastKnownFileType = audio.wav; path = F.wav; sourceTree = "<group>"; };
		CACF24F5297B609E0077B66E /* WaitForSonataScreen.swift */ = {isa = PBXFileReference; lastKnownFileType = sourcecode.swift; path = WaitForSonataScreen.swift; sourceTree = "<group>"; };
		CACF24F8297B62820077B66E /* GuessSonataScreen.swift */ = {isa = PBXFileReference; lastKnownFileType = sourcecode.swift; path = GuessSonataScreen.swift; sourceTree = "<group>"; };
		CACF24FB297B73CB0077B66E /* CountdownScreen.swift */ = {isa = PBXFileReference; lastKnownFileType = sourcecode.swift; path = CountdownScreen.swift; sourceTree = "<group>"; };
		CACF24FD297B757C0077B66E /* ScoreBoard.swift */ = {isa = PBXFileReference; lastKnownFileType = sourcecode.swift; path = ScoreBoard.swift; sourceTree = "<group>"; };
		CACF2501297B79050077B66E /* GameOverScreen.swift */ = {isa = PBXFileReference; lastKnownFileType = sourcecode.swift; path = GameOverScreen.swift; sourceTree = "<group>"; };
		CACF2505297B7A930077B66E /* ScoreTable.swift */ = {isa = PBXFileReference; lastKnownFileType = sourcecode.swift; path = ScoreTable.swift; sourceTree = "<group>"; };
		CACF2508297B7B580077B66E /* ScoreScreen.swift */ = {isa = PBXFileReference; lastKnownFileType = sourcecode.swift; path = ScoreScreen.swift; sourceTree = "<group>"; };
		CACF250A297B7C350077B66E /* EntryField.swift */ = {isa = PBXFileReference; lastKnownFileType = sourcecode.swift; path = EntryField.swift; sourceTree = "<group>"; };
/* End PBXFileReference section */

/* Begin PBXFrameworksBuildPhase section */
		CA49255A294BDB54008D3DBC /* Frameworks */ = {
			isa = PBXFrameworksBuildPhase;
			buildActionMask = 2147483647;
			files = (
				CA2A895129574F2500CC5DA4 /* SocketIO in Frameworks */,
				CA7EE3B1295A318B006E2032 /* Swinject in Frameworks */,
			);
			runOnlyForDeploymentPostprocessing = 0;
		};
		CA49256F294BDB55008D3DBC /* Frameworks */ = {
			isa = PBXFrameworksBuildPhase;
			buildActionMask = 2147483647;
			files = (
			);
			runOnlyForDeploymentPostprocessing = 0;
		};
		CA492579294BDB55008D3DBC /* Frameworks */ = {
			isa = PBXFrameworksBuildPhase;
			buildActionMask = 2147483647;
			files = (
			);
			runOnlyForDeploymentPostprocessing = 0;
		};
/* End PBXFrameworksBuildPhase section */

/* Begin PBXGroup section */
		CA0192E0295524D000499A7D /* UI */ = {
			isa = PBXGroup;
			children = (
				CA492560294BDB54008D3DBC /* xyloApp.swift */,
				CA0192E2295524F300499A7D /* Components */,
				CA8359E129738C8D00A7E0B1 /* Navigation */,
				CA0192E1295524E300499A7D /* Screens */,
			);
			path = UI;
			sourceTree = "<group>";
		};
		CA0192E1295524E300499A7D /* Screens */ = {
			isa = PBXGroup;
			children = (
				CACF2507297B7B070077B66E /* Score */,
				CACF24FF297B78EA0077B66E /* GameOver */,
				CACF24FA297B73950077B66E /* Countdown */,
				CACF24F7297B626E0077B66E /* GuessSonata */,
				CACF24F4297B607D0077B66E /* WaitForSonata */,
				CA96C6752974A041008169B5 /* CreateSonata */,
				CA8359E52973924C00A7E0B1 /* JoinFriends */,
				CA8359E42973924200A7E0B1 /* Welcome */,
				CA8359DC29737A8D00A7E0B1 /* InviteFriends */,
				CA2A89522957558000CC5DA4 /* CreateGame */,
			);
			path = Screens;
			sourceTree = "<group>";
		};
		CA0192E2295524F300499A7D /* Components */ = {
			isa = PBXGroup;
			children = (
				CA2A89552957634A00CC5DA4 /* BorderedPurpleButton.swift */,
				CA2A8959295768D100CC5DA4 /* PurpleButton.swift */,
				CA96C67A2974A1E8008169B5 /* NoteButton.swift */,
				CA96C67F2974A854008169B5 /* XyloView.swift */,
				CACF2505297B7A930077B66E /* ScoreTable.swift */,
				CACF250A297B7C350077B66E /* EntryField.swift */,
			);
			path = Components;
			sourceTree = "<group>";
		};
		CA0192EB2955350300499A7D /* Resources */ = {
			isa = PBXGroup;
			children = (
				CA96C6812974BB13008169B5 /* Sounds */,
				CA492564294BDB55008D3DBC /* Assets.xcassets */,
				CA0192E92955342700499A7D /* Localizable.strings */,
			);
			path = Resources;
			sourceTree = "<group>";
		};
		CA2A89522957558000CC5DA4 /* CreateGame */ = {
			isa = PBXGroup;
			children = (
				CA0192F629567B1400499A7D /* CreateGameScreen.swift */,
				CA2A8953295755DE00CC5DA4 /* CreateGameViewModel.swift */,
			);
			path = CreateGame;
			sourceTree = "<group>";
		};
		CA492554294BDB54008D3DBC = {
			isa = PBXGroup;
			children = (
				CA49255F294BDB54008D3DBC /* xylo */,
				CA492575294BDB55008D3DBC /* xyloTests */,
				CA49257F294BDB55008D3DBC /* xyloUITests */,
				CA49255E294BDB54008D3DBC /* Products */,
			);
			sourceTree = "<group>";
		};
		CA49255E294BDB54008D3DBC /* Products */ = {
			isa = PBXGroup;
			children = (
				CA49255D294BDB54008D3DBC /* xylo.app */,
				CA492572294BDB55008D3DBC /* xyloTests.xctest */,
				CA49257C294BDB55008D3DBC /* xyloUITests.xctest */,
			);
			name = Products;
			sourceTree = "<group>";
		};
		CA49255F294BDB54008D3DBC /* xylo */ = {
			isa = PBXGroup;
			children = (
				CA96C67C2974A2EA008169B5 /* Models */,
				CA7EE3B3295A328C006E2032 /* Services */,
				CA7EE3B2295A3269006E2032 /* Persistence */,
				CA774A84295A1FCA006088EC /* Injected */,
				CA0192EB2955350300499A7D /* Resources */,
				CA0192E0295524D000499A7D /* UI */,
				CA492566294BDB55008D3DBC /* Preview Content */,
			);
			path = xylo;
			sourceTree = "<group>";
		};
		CA492566294BDB55008D3DBC /* Preview Content */ = {
			isa = PBXGroup;
			children = (
				CA492567294BDB55008D3DBC /* Preview Assets.xcassets */,
			);
			path = "Preview Content";
			sourceTree = "<group>";
		};
		CA492575294BDB55008D3DBC /* xyloTests */ = {
			isa = PBXGroup;
			children = (
				CA492576294BDB55008D3DBC /* xyloTests.swift */,
			);
			path = xyloTests;
			sourceTree = "<group>";
		};
		CA49257F294BDB55008D3DBC /* xyloUITests */ = {
			isa = PBXGroup;
			children = (
				CA492580294BDB55008D3DBC /* xyloUITests.swift */,
				CA492582294BDB55008D3DBC /* xyloUITestsLaunchTests.swift */,
			);
			path = xyloUITests;
			sourceTree = "<group>";
		};
		CA774A84295A1FCA006088EC /* Injected */ = {
			isa = PBXGroup;
			children = (
				CA8359D72973722300A7E0B1 /* Modules */,
				CA8359D1297369BA00A7E0B1 /* DependencyInjector.swift */,
				CA8359DA2973763100A7E0B1 /* DependencyContainer.swift */,
			);
			path = Injected;
			sourceTree = "<group>";
		};
		CA7EE3B2295A3269006E2032 /* Persistence */ = {
			isa = PBXGroup;
			children = (
				CA49256B294BDB55008D3DBC /* xylo.xcdatamodeld */,
				CA492569294BDB55008D3DBC /* Persistence.swift */,
			);
			path = Persistence;
			sourceTree = "<group>";
		};
		CA7EE3B3295A328C006E2032 /* Services */ = {
			isa = PBXGroup;
			children = (
				CA7EE3B4295A32AC006E2032 /* SocketIOService.swift */,
			);
			path = Services;
			sourceTree = "<group>";
		};
		CA8359D72973722300A7E0B1 /* Modules */ = {
			isa = PBXGroup;
			children = (
				CA8359D529736FFD00A7E0B1 /* ServicesModule.swift */,
				CA8359D8297372E600A7E0B1 /* SocketIoModule.swift */,
			);
			path = Modules;
			sourceTree = "<group>";
		};
		CA8359DC29737A8D00A7E0B1 /* InviteFriends */ = {
			isa = PBXGroup;
			children = (
				CA8359DD29737AAB00A7E0B1 /* InviteFriendsScreen.swift */,
				CA8359DF29737B6C00A7E0B1 /* InviteFriendsViewModel.swift */,
			);
			path = InviteFriends;
			sourceTree = "<group>";
		};
		CA8359E129738C8D00A7E0B1 /* Navigation */ = {
			isa = PBXGroup;
			children = (
				CA492562294BDB54008D3DBC /* ContentView.swift */,
				CA8359E229738D2000A7E0B1 /* Navigator.swift */,
			);
			path = Navigation;
			sourceTree = "<group>";
		};
		CA8359E42973924200A7E0B1 /* Welcome */ = {
			isa = PBXGroup;
			children = (
				CA0192E32955268200499A7D /* WelcomeScreen.swift */,
			);
			path = Welcome;
			sourceTree = "<group>";
		};
		CA8359E52973924C00A7E0B1 /* JoinFriends */ = {
			isa = PBXGroup;
			children = (
				CA0192F429567AF800499A7D /* JoinFriendsScreen.swift */,
			);
			path = JoinFriends;
			sourceTree = "<group>";
		};
		CA96C6752974A041008169B5 /* CreateSonata */ = {
			isa = PBXGroup;
			children = (
				CA96C6782974A06B008169B5 /* CreateSonataScreen.swift */,
			);
			path = CreateSonata;
			sourceTree = "<group>";
		};
		CA96C67C2974A2EA008169B5 /* Models */ = {
			isa = PBXGroup;
			children = (
				CA96C67D2974A2FC008169B5 /* Note.swift */,
				CACF24FD297B757C0077B66E /* ScoreBoard.swift */,
			);
			path = Models;
			sourceTree = "<group>";
		};
		CA96C6812974BB13008169B5 /* Sounds */ = {
			isa = PBXGroup;
			children = (
				CA96C6962974BDE2008169B5 /* _readme_and_license.txt */,
				CA96C6912974BDE2008169B5 /* A.wav */,
				CA96C6932974BDE2008169B5 /* B.wav */,
				CA96C6922974BDE2008169B5 /* C.wav */,
				CA96C6952974BDE2008169B5 /* D.wav */,
				CA96C6902974BDE2008169B5 /* E.wav */,
				CA96C6972974BDE2008169B5 /* F.wav */,
				CA96C6942974BDE2008169B5 /* G.wav */,
			);
			path = Sounds;
			sourceTree = "<group>";
		};
		CACF24F4297B607D0077B66E /* WaitForSonata */ = {
			isa = PBXGroup;
			children = (
				CACF24F5297B609E0077B66E /* WaitForSonataScreen.swift */,
			);
			path = WaitForSonata;
			sourceTree = "<group>";
		};
		CACF24F7297B626E0077B66E /* GuessSonata */ = {
			isa = PBXGroup;
			children = (
				CACF24F8297B62820077B66E /* GuessSonataScreen.swift */,
			);
			path = GuessSonata;
			sourceTree = "<group>";
		};
		CACF24FA297B73950077B66E /* Countdown */ = {
			isa = PBXGroup;
			children = (
				CACF24FB297B73CB0077B66E /* CountdownScreen.swift */,
			);
			path = Countdown;
			sourceTree = "<group>";
		};
		CACF24FF297B78EA0077B66E /* GameOver */ = {
			isa = PBXGroup;
			children = (
				CACF2501297B79050077B66E /* GameOverScreen.swift */,
			);
			path = GameOver;
			sourceTree = "<group>";
		};
		CACF2507297B7B070077B66E /* Score */ = {
			isa = PBXGroup;
			children = (
				CACF2508297B7B580077B66E /* ScoreScreen.swift */,
			);
			path = Score;
			sourceTree = "<group>";
		};
/* End PBXGroup section */

/* Begin PBXNativeTarget section */
		CA49255C294BDB54008D3DBC /* xylo */ = {
			isa = PBXNativeTarget;
			buildConfigurationList = CA492586294BDB55008D3DBC /* Build configuration list for PBXNativeTarget "xylo" */;
			buildPhases = (
				CA492559294BDB54008D3DBC /* Sources */,
				CA49255A294BDB54008D3DBC /* Frameworks */,
				CA49255B294BDB54008D3DBC /* Resources */,
			);
			buildRules = (
			);
			dependencies = (
			);
			name = xylo;
			packageProductDependencies = (
				CA2A895029574F2500CC5DA4 /* SocketIO */,
				CA7EE3B0295A318B006E2032 /* Swinject */,
			);
			productName = xylo;
			productReference = CA49255D294BDB54008D3DBC /* xylo.app */;
			productType = "com.apple.product-type.application";
		};
		CA492571294BDB55008D3DBC /* xyloTests */ = {
			isa = PBXNativeTarget;
			buildConfigurationList = CA492589294BDB55008D3DBC /* Build configuration list for PBXNativeTarget "xyloTests" */;
			buildPhases = (
				CA49256E294BDB55008D3DBC /* Sources */,
				CA49256F294BDB55008D3DBC /* Frameworks */,
				CA492570294BDB55008D3DBC /* Resources */,
			);
			buildRules = (
			);
			dependencies = (
				CA492574294BDB55008D3DBC /* PBXTargetDependency */,
			);
			name = xyloTests;
			productName = xyloTests;
			productReference = CA492572294BDB55008D3DBC /* xyloTests.xctest */;
			productType = "com.apple.product-type.bundle.unit-test";
		};
		CA49257B294BDB55008D3DBC /* xyloUITests */ = {
			isa = PBXNativeTarget;
			buildConfigurationList = CA49258C294BDB55008D3DBC /* Build configuration list for PBXNativeTarget "xyloUITests" */;
			buildPhases = (
				CA492578294BDB55008D3DBC /* Sources */,
				CA492579294BDB55008D3DBC /* Frameworks */,
				CA49257A294BDB55008D3DBC /* Resources */,
			);
			buildRules = (
			);
			dependencies = (
				CA49257E294BDB55008D3DBC /* PBXTargetDependency */,
			);
			name = xyloUITests;
			productName = xyloUITests;
			productReference = CA49257C294BDB55008D3DBC /* xyloUITests.xctest */;
			productType = "com.apple.product-type.bundle.ui-testing";
		};
/* End PBXNativeTarget section */

/* Begin PBXProject section */
		CA492555294BDB54008D3DBC /* Project object */ = {
			isa = PBXProject;
			attributes = {
				BuildIndependentTargetsInParallel = 1;
				LastSwiftUpdateCheck = 1410;
				LastUpgradeCheck = 1410;
				TargetAttributes = {
					CA49255C294BDB54008D3DBC = {
						CreatedOnToolsVersion = 14.1;
					};
					CA492571294BDB55008D3DBC = {
						CreatedOnToolsVersion = 14.1;
						TestTargetID = CA49255C294BDB54008D3DBC;
					};
					CA49257B294BDB55008D3DBC = {
						CreatedOnToolsVersion = 14.1;
						TestTargetID = CA49255C294BDB54008D3DBC;
					};
				};
			};
			buildConfigurationList = CA492558294BDB54008D3DBC /* Build configuration list for PBXProject "xylo" */;
			compatibilityVersion = "Xcode 14.0";
			developmentRegion = en;
			hasScannedForEncodings = 0;
			knownRegions = (
				en,
				Base,
				es,
			);
			mainGroup = CA492554294BDB54008D3DBC;
			packageReferences = (
				CA2A894F29574F2500CC5DA4 /* XCRemoteSwiftPackageReference "socket.io-client-swift" */,
				CA7EE3AF295A318B006E2032 /* XCRemoteSwiftPackageReference "Swinject" */,
			);
			productRefGroup = CA49255E294BDB54008D3DBC /* Products */;
			projectDirPath = "";
			projectRoot = "";
			targets = (
				CA49255C294BDB54008D3DBC /* xylo */,
				CA492571294BDB55008D3DBC /* xyloTests */,
				CA49257B294BDB55008D3DBC /* xyloUITests */,
			);
		};
/* End PBXProject section */

/* Begin PBXResourcesBuildPhase section */
		CA49255B294BDB54008D3DBC /* Resources */ = {
			isa = PBXResourcesBuildPhase;
			buildActionMask = 2147483647;
			files = (
				CA96C69F2974BDE2008169B5 /* F.wav in Resources */,
				CA96C69D2974BDE2008169B5 /* D.wav in Resources */,
				CA96C69C2974BDE2008169B5 /* G.wav in Resources */,
				CA96C69A2974BDE2008169B5 /* C.wav in Resources */,
				CA492568294BDB55008D3DBC /* Preview Assets.xcassets in Resources */,
				CA0192E72955342700499A7D /* Localizable.strings in Resources */,
				CA96C69B2974BDE2008169B5 /* B.wav in Resources */,
				CA96C69E2974BDE2008169B5 /* _readme_and_license.txt in Resources */,
				CA96C6982974BDE2008169B5 /* E.wav in Resources */,
				CA96C6992974BDE2008169B5 /* A.wav in Resources */,
				CA492565294BDB55008D3DBC /* Assets.xcassets in Resources */,
			);
			runOnlyForDeploymentPostprocessing = 0;
		};
		CA492570294BDB55008D3DBC /* Resources */ = {
			isa = PBXResourcesBuildPhase;
			buildActionMask = 2147483647;
			files = (
			);
			runOnlyForDeploymentPostprocessing = 0;
		};
		CA49257A294BDB55008D3DBC /* Resources */ = {
			isa = PBXResourcesBuildPhase;
			buildActionMask = 2147483647;
			files = (
			);
			runOnlyForDeploymentPostprocessing = 0;
		};
/* End PBXResourcesBuildPhase section */

/* Begin PBXSourcesBuildPhase section */
		CA492559294BDB54008D3DBC /* Sources */ = {
			isa = PBXSourcesBuildPhase;
			buildActionMask = 2147483647;
			files = (
				CA2A895A295768D100CC5DA4 /* PurpleButton.swift in Sources */,
				CA8359D629736FFD00A7E0B1 /* ServicesModule.swift in Sources */,
				CA96C67E2974A2FC008169B5 /* Note.swift in Sources */,
				CA96C6792974A06B008169B5 /* CreateSonataScreen.swift in Sources */,
				CACF24FC297B73CB0077B66E /* CountdownScreen.swift in Sources */,
				CA49256A294BDB55008D3DBC /* Persistence.swift in Sources */,
				CA49256D294BDB55008D3DBC /* xylo.xcdatamodeld in Sources */,
				CACF24FE297B757C0077B66E /* ScoreBoard.swift in Sources */,
				CA8359DE29737AAB00A7E0B1 /* InviteFriendsScreen.swift in Sources */,
				CA8359D9297372E600A7E0B1 /* SocketIoModule.swift in Sources */,
				CA7EE3B5295A32AC006E2032 /* SocketIOService.swift in Sources */,
				CA2A89562957634A00CC5DA4 /* BorderedPurpleButton.swift in Sources */,
				CA96C6802974A854008169B5 /* XyloView.swift in Sources */,
				CA96C67B2974A1E8008169B5 /* NoteButton.swift in Sources */,
				CACF24F6297B609E0077B66E /* WaitForSonataScreen.swift in Sources */,
				CA8359E029737B6C00A7E0B1 /* InviteFriendsViewModel.swift in Sources */,
				CA0192E42955268200499A7D /* WelcomeScreen.swift in Sources */,
				CACF24F9297B62820077B66E /* GuessSonataScreen.swift in Sources */,
				CACF2502297B79050077B66E /* GameOverScreen.swift in Sources */,
				CA492563294BDB54008D3DBC /* ContentView.swift in Sources */,
				CACF2509297B7B580077B66E /* ScoreScreen.swift in Sources */,
				CA8359E329738D2000A7E0B1 /* Navigator.swift in Sources */,
				CA492561294BDB54008D3DBC /* xyloApp.swift in Sources */,
				CA8359DB2973763100A7E0B1 /* DependencyContainer.swift in Sources */,
				CA8359D2297369BA00A7E0B1 /* DependencyInjector.swift in Sources */,
				CACF250B297B7C350077B66E /* EntryField.swift in Sources */,
				CA0192F729567B1400499A7D /* CreateGameScreen.swift in Sources */,
				CA2A8954295755DE00CC5DA4 /* CreateGameViewModel.swift in Sources */,
				CA0192F529567AF800499A7D /* JoinFriendsScreen.swift in Sources */,
				CACF2506297B7A930077B66E /* ScoreTable.swift in Sources */,
			);
			runOnlyForDeploymentPostprocessing = 0;
		};
		CA49256E294BDB55008D3DBC /* Sources */ = {
			isa = PBXSourcesBuildPhase;
			buildActionMask = 2147483647;
			files = (
				CA492577294BDB55008D3DBC /* xyloTests.swift in Sources */,
			);
			runOnlyForDeploymentPostprocessing = 0;
		};
		CA492578294BDB55008D3DBC /* Sources */ = {
			isa = PBXSourcesBuildPhase;
			buildActionMask = 2147483647;
			files = (
				CA492583294BDB55008D3DBC /* xyloUITestsLaunchTests.swift in Sources */,
				CA492581294BDB55008D3DBC /* xyloUITests.swift in Sources */,
			);
			runOnlyForDeploymentPostprocessing = 0;
		};
/* End PBXSourcesBuildPhase section */

/* Begin PBXTargetDependency section */
		CA492574294BDB55008D3DBC /* PBXTargetDependency */ = {
			isa = PBXTargetDependency;
			target = CA49255C294BDB54008D3DBC /* xylo */;
			targetProxy = CA492573294BDB55008D3DBC /* PBXContainerItemProxy */;
		};
		CA49257E294BDB55008D3DBC /* PBXTargetDependency */ = {
			isa = PBXTargetDependency;
			target = CA49255C294BDB54008D3DBC /* xylo */;
			targetProxy = CA49257D294BDB55008D3DBC /* PBXContainerItemProxy */;
		};
/* End PBXTargetDependency section */

/* Begin PBXVariantGroup section */
		CA0192E92955342700499A7D /* Localizable.strings */ = {
			isa = PBXVariantGroup;
			children = (
				CA0192E82955342700499A7D /* en */,
				CA0192EA2955343A00499A7D /* es */,
			);
			name = Localizable.strings;
			sourceTree = "<group>";
		};
/* End PBXVariantGroup section */

/* Begin XCBuildConfiguration section */
		CA492584294BDB55008D3DBC /* Debug */ = {
			isa = XCBuildConfiguration;
			buildSettings = {
				ALWAYS_SEARCH_USER_PATHS = NO;
				CLANG_ANALYZER_NONNULL = YES;
				CLANG_ANALYZER_NUMBER_OBJECT_CONVERSION = YES_AGGRESSIVE;
				CLANG_CXX_LANGUAGE_STANDARD = "gnu++20";
				CLANG_ENABLE_MODULES = YES;
				CLANG_ENABLE_OBJC_ARC = YES;
				CLANG_ENABLE_OBJC_WEAK = YES;
				CLANG_WARN_BLOCK_CAPTURE_AUTORELEASING = YES;
				CLANG_WARN_BOOL_CONVERSION = YES;
				CLANG_WARN_COMMA = YES;
				CLANG_WARN_CONSTANT_CONVERSION = YES;
				CLANG_WARN_DEPRECATED_OBJC_IMPLEMENTATIONS = YES;
				CLANG_WARN_DIRECT_OBJC_ISA_USAGE = YES_ERROR;
				CLANG_WARN_DOCUMENTATION_COMMENTS = YES;
				CLANG_WARN_EMPTY_BODY = YES;
				CLANG_WARN_ENUM_CONVERSION = YES;
				CLANG_WARN_INFINITE_RECURSION = YES;
				CLANG_WARN_INT_CONVERSION = YES;
				CLANG_WARN_NON_LITERAL_NULL_CONVERSION = YES;
				CLANG_WARN_OBJC_IMPLICIT_RETAIN_SELF = YES;
				CLANG_WARN_OBJC_LITERAL_CONVERSION = YES;
				CLANG_WARN_OBJC_ROOT_CLASS = YES_ERROR;
				CLANG_WARN_QUOTED_INCLUDE_IN_FRAMEWORK_HEADER = YES;
				CLANG_WARN_RANGE_LOOP_ANALYSIS = YES;
				CLANG_WARN_STRICT_PROTOTYPES = YES;
				CLANG_WARN_SUSPICIOUS_MOVE = YES;
				CLANG_WARN_UNGUARDED_AVAILABILITY = YES_AGGRESSIVE;
				CLANG_WARN_UNREACHABLE_CODE = YES;
				CLANG_WARN__DUPLICATE_METHOD_MATCH = YES;
				COPY_PHASE_STRIP = NO;
				DEBUG_INFORMATION_FORMAT = dwarf;
				ENABLE_STRICT_OBJC_MSGSEND = YES;
				ENABLE_TESTABILITY = YES;
				GCC_C_LANGUAGE_STANDARD = gnu11;
				GCC_DYNAMIC_NO_PIC = NO;
				GCC_NO_COMMON_BLOCKS = YES;
				GCC_OPTIMIZATION_LEVEL = 0;
				GCC_PREPROCESSOR_DEFINITIONS = (
					"DEBUG=1",
					"$(inherited)",
				);
				GCC_WARN_64_TO_32_BIT_CONVERSION = YES;
				GCC_WARN_ABOUT_RETURN_TYPE = YES_ERROR;
				GCC_WARN_UNDECLARED_SELECTOR = YES;
				GCC_WARN_UNINITIALIZED_AUTOS = YES_AGGRESSIVE;
				GCC_WARN_UNUSED_FUNCTION = YES;
				GCC_WARN_UNUSED_VARIABLE = YES;
				IPHONEOS_DEPLOYMENT_TARGET = 16.1;
				MTL_ENABLE_DEBUG_INFO = INCLUDE_SOURCE;
				MTL_FAST_MATH = YES;
				ONLY_ACTIVE_ARCH = YES;
				SDKROOT = iphoneos;
				SWIFT_ACTIVE_COMPILATION_CONDITIONS = DEBUG;
				SWIFT_OPTIMIZATION_LEVEL = "-Onone";
			};
			name = Debug;
		};
		CA492585294BDB55008D3DBC /* Release */ = {
			isa = XCBuildConfiguration;
			buildSettings = {
				ALWAYS_SEARCH_USER_PATHS = NO;
				CLANG_ANALYZER_NONNULL = YES;
				CLANG_ANALYZER_NUMBER_OBJECT_CONVERSION = YES_AGGRESSIVE;
				CLANG_CXX_LANGUAGE_STANDARD = "gnu++20";
				CLANG_ENABLE_MODULES = YES;
				CLANG_ENABLE_OBJC_ARC = YES;
				CLANG_ENABLE_OBJC_WEAK = YES;
				CLANG_WARN_BLOCK_CAPTURE_AUTORELEASING = YES;
				CLANG_WARN_BOOL_CONVERSION = YES;
				CLANG_WARN_COMMA = YES;
				CLANG_WARN_CONSTANT_CONVERSION = YES;
				CLANG_WARN_DEPRECATED_OBJC_IMPLEMENTATIONS = YES;
				CLANG_WARN_DIRECT_OBJC_ISA_USAGE = YES_ERROR;
				CLANG_WARN_DOCUMENTATION_COMMENTS = YES;
				CLANG_WARN_EMPTY_BODY = YES;
				CLANG_WARN_ENUM_CONVERSION = YES;
				CLANG_WARN_INFINITE_RECURSION = YES;
				CLANG_WARN_INT_CONVERSION = YES;
				CLANG_WARN_NON_LITERAL_NULL_CONVERSION = YES;
				CLANG_WARN_OBJC_IMPLICIT_RETAIN_SELF = YES;
				CLANG_WARN_OBJC_LITERAL_CONVERSION = YES;
				CLANG_WARN_OBJC_ROOT_CLASS = YES_ERROR;
				CLANG_WARN_QUOTED_INCLUDE_IN_FRAMEWORK_HEADER = YES;
				CLANG_WARN_RANGE_LOOP_ANALYSIS = YES;
				CLANG_WARN_STRICT_PROTOTYPES = YES;
				CLANG_WARN_SUSPICIOUS_MOVE = YES;
				CLANG_WARN_UNGUARDED_AVAILABILITY = YES_AGGRESSIVE;
				CLANG_WARN_UNREACHABLE_CODE = YES;
				CLANG_WARN__DUPLICATE_METHOD_MATCH = YES;
				COPY_PHASE_STRIP = NO;
				DEBUG_INFORMATION_FORMAT = "dwarf-with-dsym";
				ENABLE_NS_ASSERTIONS = NO;
				ENABLE_STRICT_OBJC_MSGSEND = YES;
				GCC_C_LANGUAGE_STANDARD = gnu11;
				GCC_NO_COMMON_BLOCKS = YES;
				GCC_WARN_64_TO_32_BIT_CONVERSION = YES;
				GCC_WARN_ABOUT_RETURN_TYPE = YES_ERROR;
				GCC_WARN_UNDECLARED_SELECTOR = YES;
				GCC_WARN_UNINITIALIZED_AUTOS = YES_AGGRESSIVE;
				GCC_WARN_UNUSED_FUNCTION = YES;
				GCC_WARN_UNUSED_VARIABLE = YES;
				IPHONEOS_DEPLOYMENT_TARGET = 16.1;
				MTL_ENABLE_DEBUG_INFO = NO;
				MTL_FAST_MATH = YES;
				SDKROOT = iphoneos;
				SWIFT_COMPILATION_MODE = wholemodule;
				SWIFT_OPTIMIZATION_LEVEL = "-O";
				VALIDATE_PRODUCT = YES;
			};
			name = Release;
		};
		CA492587294BDB55008D3DBC /* Debug */ = {
			isa = XCBuildConfiguration;
			buildSettings = {
				ASSETCATALOG_COMPILER_APPICON_NAME = AppIcon;
				ASSETCATALOG_COMPILER_GLOBAL_ACCENT_COLOR_NAME = AccentColor;
				CODE_SIGN_STYLE = Automatic;
				CURRENT_PROJECT_VERSION = 1;
				DEVELOPMENT_ASSET_PATHS = "\"xylo/Preview Content\"";
				DEVELOPMENT_TEAM = U8JPVFNQDB;
				ENABLE_PREVIEWS = YES;
				GENERATE_INFOPLIST_FILE = YES;
				INFOPLIST_KEY_UIApplicationSceneManifest_Generation = YES;
				INFOPLIST_KEY_UIApplicationSupportsIndirectInputEvents = YES;
				INFOPLIST_KEY_UILaunchScreen_Generation = YES;
				INFOPLIST_KEY_UISupportedInterfaceOrientations_iPad = "UIInterfaceOrientationPortrait UIInterfaceOrientationPortraitUpsideDown UIInterfaceOrientationLandscapeLeft UIInterfaceOrientationLandscapeRight";
				INFOPLIST_KEY_UISupportedInterfaceOrientations_iPhone = "UIInterfaceOrientationPortrait UIInterfaceOrientationLandscapeLeft UIInterfaceOrientationLandscapeRight";
				LD_RUNPATH_SEARCH_PATHS = (
					"$(inherited)",
					"@executable_path/Frameworks",
				);
				MARKETING_VERSION = 1.0;
				PRODUCT_BUNDLE_IDENTIFIER = com.kojingu.xylo;
				PRODUCT_NAME = "$(TARGET_NAME)";
				SWIFT_EMIT_LOC_STRINGS = YES;
				SWIFT_VERSION = 5.0;
				TARGETED_DEVICE_FAMILY = "1,2";
			};
			name = Debug;
		};
		CA492588294BDB55008D3DBC /* Release */ = {
			isa = XCBuildConfiguration;
			buildSettings = {
				ASSETCATALOG_COMPILER_APPICON_NAME = AppIcon;
				ASSETCATALOG_COMPILER_GLOBAL_ACCENT_COLOR_NAME = AccentColor;
				CODE_SIGN_STYLE = Automatic;
				CURRENT_PROJECT_VERSION = 1;
				DEVELOPMENT_ASSET_PATHS = "\"xylo/Preview Content\"";
				DEVELOPMENT_TEAM = U8JPVFNQDB;
				ENABLE_PREVIEWS = YES;
				GENERATE_INFOPLIST_FILE = YES;
				INFOPLIST_KEY_UIApplicationSceneManifest_Generation = YES;
				INFOPLIST_KEY_UIApplicationSupportsIndirectInputEvents = YES;
				INFOPLIST_KEY_UILaunchScreen_Generation = YES;
				INFOPLIST_KEY_UISupportedInterfaceOrientations_iPad = "UIInterfaceOrientationPortrait UIInterfaceOrientationPortraitUpsideDown UIInterfaceOrientationLandscapeLeft UIInterfaceOrientationLandscapeRight";
				INFOPLIST_KEY_UISupportedInterfaceOrientations_iPhone = "UIInterfaceOrientationPortrait UIInterfaceOrientationLandscapeLeft UIInterfaceOrientationLandscapeRight";
				LD_RUNPATH_SEARCH_PATHS = (
					"$(inherited)",
					"@executable_path/Frameworks",
				);
				MARKETING_VERSION = 1.0;
				PRODUCT_BUNDLE_IDENTIFIER = com.kojingu.xylo;
				PRODUCT_NAME = "$(TARGET_NAME)";
				SWIFT_EMIT_LOC_STRINGS = YES;
				SWIFT_VERSION = 5.0;
				TARGETED_DEVICE_FAMILY = "1,2";
			};
			name = Release;
		};
		CA49258A294BDB55008D3DBC /* Debug */ = {
			isa = XCBuildConfiguration;
			buildSettings = {
				ALWAYS_EMBED_SWIFT_STANDARD_LIBRARIES = YES;
				BUNDLE_LOADER = "$(TEST_HOST)";
				CODE_SIGN_STYLE = Automatic;
				CURRENT_PROJECT_VERSION = 1;
				DEVELOPMENT_TEAM = U8JPVFNQDB;
				GENERATE_INFOPLIST_FILE = YES;
				IPHONEOS_DEPLOYMENT_TARGET = 16.1;
				MARKETING_VERSION = 1.0;
				PRODUCT_BUNDLE_IDENTIFIER = com.kojingu.xyloTests;
				PRODUCT_NAME = "$(TARGET_NAME)";
				SWIFT_EMIT_LOC_STRINGS = NO;
				SWIFT_VERSION = 5.0;
				TARGETED_DEVICE_FAMILY = "1,2";
				TEST_HOST = "$(BUILT_PRODUCTS_DIR)/xylo.app/$(BUNDLE_EXECUTABLE_FOLDER_PATH)/xylo";
			};
			name = Debug;
		};
		CA49258B294BDB55008D3DBC /* Release */ = {
			isa = XCBuildConfiguration;
			buildSettings = {
				ALWAYS_EMBED_SWIFT_STANDARD_LIBRARIES = YES;
				BUNDLE_LOADER = "$(TEST_HOST)";
				CODE_SIGN_STYLE = Automatic;
				CURRENT_PROJECT_VERSION = 1;
				DEVELOPMENT_TEAM = U8JPVFNQDB;
				GENERATE_INFOPLIST_FILE = YES;
				IPHONEOS_DEPLOYMENT_TARGET = 16.1;
				MARKETING_VERSION = 1.0;
				PRODUCT_BUNDLE_IDENTIFIER = com.kojingu.xyloTests;
				PRODUCT_NAME = "$(TARGET_NAME)";
				SWIFT_EMIT_LOC_STRINGS = NO;
				SWIFT_VERSION = 5.0;
				TARGETED_DEVICE_FAMILY = "1,2";
				TEST_HOST = "$(BUILT_PRODUCTS_DIR)/xylo.app/$(BUNDLE_EXECUTABLE_FOLDER_PATH)/xylo";
			};
			name = Release;
		};
		CA49258D294BDB55008D3DBC /* Debug */ = {
			isa = XCBuildConfiguration;
			buildSettings = {
				ALWAYS_EMBED_SWIFT_STANDARD_LIBRARIES = YES;
				CODE_SIGN_STYLE = Automatic;
				CURRENT_PROJECT_VERSION = 1;
				DEVELOPMENT_TEAM = U8JPVFNQDB;
				GENERATE_INFOPLIST_FILE = YES;
				MARKETING_VERSION = 1.0;
				PRODUCT_BUNDLE_IDENTIFIER = com.kojingu.xyloUITests;
				PRODUCT_NAME = "$(TARGET_NAME)";
				SWIFT_EMIT_LOC_STRINGS = NO;
				SWIFT_VERSION = 5.0;
				TARGETED_DEVICE_FAMILY = "1,2";
				TEST_TARGET_NAME = xylo;
			};
			name = Debug;
		};
		CA49258E294BDB55008D3DBC /* Release */ = {
			isa = XCBuildConfiguration;
			buildSettings = {
				ALWAYS_EMBED_SWIFT_STANDARD_LIBRARIES = YES;
				CODE_SIGN_STYLE = Automatic;
				CURRENT_PROJECT_VERSION = 1;
				DEVELOPMENT_TEAM = U8JPVFNQDB;
				GENERATE_INFOPLIST_FILE = YES;
				MARKETING_VERSION = 1.0;
				PRODUCT_BUNDLE_IDENTIFIER = com.kojingu.xyloUITests;
				PRODUCT_NAME = "$(TARGET_NAME)";
				SWIFT_EMIT_LOC_STRINGS = NO;
				SWIFT_VERSION = 5.0;
				TARGETED_DEVICE_FAMILY = "1,2";
				TEST_TARGET_NAME = xylo;
			};
			name = Release;
		};
/* End XCBuildConfiguration section */

/* Begin XCConfigurationList section */
		CA492558294BDB54008D3DBC /* Build configuration list for PBXProject "xylo" */ = {
			isa = XCConfigurationList;
			buildConfigurations = (
				CA492584294BDB55008D3DBC /* Debug */,
				CA492585294BDB55008D3DBC /* Release */,
			);
			defaultConfigurationIsVisible = 0;
			defaultConfigurationName = Release;
		};
		CA492586294BDB55008D3DBC /* Build configuration list for PBXNativeTarget "xylo" */ = {
			isa = XCConfigurationList;
			buildConfigurations = (
				CA492587294BDB55008D3DBC /* Debug */,
				CA492588294BDB55008D3DBC /* Release */,
			);
			defaultConfigurationIsVisible = 0;
			defaultConfigurationName = Release;
		};
		CA492589294BDB55008D3DBC /* Build configuration list for PBXNativeTarget "xyloTests" */ = {
			isa = XCConfigurationList;
			buildConfigurations = (
				CA49258A294BDB55008D3DBC /* Debug */,
				CA49258B294BDB55008D3DBC /* Release */,
			);
			defaultConfigurationIsVisible = 0;
			defaultConfigurationName = Release;
		};
		CA49258C294BDB55008D3DBC /* Build configuration list for PBXNativeTarget "xyloUITests" */ = {
			isa = XCConfigurationList;
			buildConfigurations = (
				CA49258D294BDB55008D3DBC /* Debug */,
				CA49258E294BDB55008D3DBC /* Release */,
			);
			defaultConfigurationIsVisible = 0;
			defaultConfigurationName = Release;
		};
/* End XCConfigurationList section */

/* Begin XCRemoteSwiftPackageReference section */
		CA2A894F29574F2500CC5DA4 /* XCRemoteSwiftPackageReference "socket.io-client-swift" */ = {
			isa = XCRemoteSwiftPackageReference;
			repositoryURL = "https://github.com/socketio/socket.io-client-swift.git";
			requirement = {
				branch = master;
				kind = branch;
			};
		};
		CA7EE3AF295A318B006E2032 /* XCRemoteSwiftPackageReference "Swinject" */ = {
			isa = XCRemoteSwiftPackageReference;
			repositoryURL = "https://github.com/Swinject/Swinject";
			requirement = {
				branch = master;
				kind = branch;
			};
		};
/* End XCRemoteSwiftPackageReference section */

/* Begin XCSwiftPackageProductDependency section */
		CA2A895029574F2500CC5DA4 /* SocketIO */ = {
			isa = XCSwiftPackageProductDependency;
			package = CA2A894F29574F2500CC5DA4 /* XCRemoteSwiftPackageReference "socket.io-client-swift" */;
			productName = SocketIO;
		};
		CA7EE3B0295A318B006E2032 /* Swinject */ = {
			isa = XCSwiftPackageProductDependency;
			package = CA7EE3AF295A318B006E2032 /* XCRemoteSwiftPackageReference "Swinject" */;
			productName = Swinject;
		};
/* End XCSwiftPackageProductDependency section */

/* Begin XCVersionGroup section */
		CA49256B294BDB55008D3DBC /* xylo.xcdatamodeld */ = {
			isa = XCVersionGroup;
			children = (
				CA49256C294BDB55008D3DBC /* xylo.xcdatamodel */,
			);
			currentVersion = CA49256C294BDB55008D3DBC /* xylo.xcdatamodel */;
			path = xylo.xcdatamodeld;
			sourceTree = "<group>";
			versionGroupType = wrapper.xcdatamodel;
		};
/* End XCVersionGroup section */
	};
	rootObject = CA492555294BDB54008D3DBC /* Project object */;
}
